
Microsoft Visual Studio Solution File, Format Version 12.00
# Visual Studio Version 16
VisualStudioVersion = 16.0.30320.27
MinimumVisualStudioVersion = 10.0.40219.1
Project("{FAE04EC0-301F-11D3-BF4B-00C04F79EFBC}") = "App", "App\App.csproj", "{D9DE19FC-1FA2-4CAC-B77B-E6A847B93C94}"
EndProject
Global
	GlobalSection(SolutionConfigurationPlatforms) = preSolution
		Debug|Any CPU = Debug|Any CPU
		Release|Any CPU = Release|Any CPU
	EndGlobalSection
	GlobalSection(ProjectConfigurationPlatforms) = postSolution
		{D9DE19FC-1FA2-4CAC-B77B-E6A847B93C94}.Debug|Any CPU.ActiveCfg = Debug|Any CPU
		{D9DE19FC-1FA2-4CAC-B77B-E6A847B93C94}.Debug|Any CPU.Build.0 = Debug|Any CPU
		{D9DE19FC-1FA2-4CAC-B77B-E6A847B93C94}.Release|Any CPU.ActiveCfg = Release|Any CPU
		{D9DE19FC-1FA2-4CAC-B77B-E6A847B93C94}.Release|Any CPU.Build.0 = Release|Any CPU
	EndGlobalSection
	GlobalSection(SolutionProperties) = preSolution
		HideSolutionNode = FALSE
	EndGlobalSection
	GlobalSection(ExtensibilityGlobals) = postSolution
		SolutionGuid = {196DEBE2-C894-4989-BE8B-0C3DFE878CF8}
	EndGlobalSection
EndGlobal
